{
  "version": 4,
  "terraform_version": "1.12.2",
  "serial": 5,
  "lineage": "637b9102-5333-8a0d-3343-15ac8b4f5fa1",
  "outputs": {
    "nic_id": {
      "value": "/subscriptions/7a6baed9-34dd-48af-9f97-04b24c30aea1/resourceGroups/TFRG/providers/Microsoft.Network/networkInterfaces/TFVM-nic",
      "type": "string"
    },
    "vm_private_ip": {
      "value": "10.0.1.4",
      "type": "string"
    }
  },
  "resources": [
    {
      "mode": "managed",
      "type": "azurerm_network_interface",
      "name": "vm_nic",
      "provider": "provider[\"registry.terraform.io/hashicorp/azurerm\"]",
      "instances": [
        {
          "schema_version": 0,
          "attributes": {
            "accelerated_networking_enabled": false,
            "applied_dns_servers": [],
            "auxiliary_mode": "",
            "auxiliary_sku": "",
            "dns_servers": [],
            "edge_zone": "",
            "id": "/subscriptions/7a6baed9-34dd-48af-9f97-04b24c30aea1/resourceGroups/TFRG/providers/Microsoft.Network/networkInterfaces/TFVM-nic",
            "internal_dns_name_label": "",
            "internal_domain_name_suffix": "dsmlvwhjvokenaxsavdtcbeyef.tx.internal.cloudapp.net",
            "ip_configuration": [
              {
                "gateway_load_balancer_frontend_ip_configuration_id": "",
                "name": "TF",
                "primary": true,
                "private_ip_address": "10.0.1.4",
                "private_ip_address_allocation": "Dynamic",
                "private_ip_address_version": "IPv4",
                "public_ip_address_id": "",
                "subnet_id": "/subscriptions/7a6baed9-34dd-48af-9f97-04b24c30aea1/resourceGroups/TFRG/providers/Microsoft.Network/virtualNetworks/TFVnet/subnets/TFSubnet"
              }
            ],
            "ip_forwarding_enabled": false,
            "location": "southindia",
            "mac_address": "",
            "name": "TFVM-nic",
            "private_ip_address": "10.0.1.4",
            "private_ip_addresses": [
              "10.0.1.4"
            ],
            "resource_group_name": "TFRG",
            "tags": {},
            "timeouts": null,
            "virtual_machine_id": ""
          },
          "sensitive_attributes": [],
          "identity_schema_version": 0,
          "private": "eyJlMmJmYjczMC1lY2FhLTExZTYtOGY4OC0zNDM2M2JjN2M0YzAiOnsiY3JlYXRlIjoxODAwMDAwMDAwMDAwLCJkZWxldGUiOjE4MDAwMDAwMDAwMDAsInJlYWQiOjMwMDAwMDAwMDAwMCwidXBkYXRlIjoxODAwMDAwMDAwMDAwfX0="
        }
      ]
    }
  ],
  "check_results": null
}
